
Microsoft Visual Studio Solution File, Format Version 12.00
# Visual Studio Version 17
VisualStudioVersion = 17.3.32825.248
MinimumVisualStudioVersion = 10.0.40219.1
Project("{FAE04EC0-301F-11D3-BF4B-00C04F79EFBC}") = "UnitTestProject2-15-25", "UnitTestProject2-15-25\UnitTestProject2-15-25.csproj", "{95F36C98-FF8E-4324-8E2F-818743F3BB2A}"
EndProject
Project("{FAE04EC0-301F-11D3-BF4B-00C04F79EFBC}") = "ConsoleApp1", "ConsoleApp1\ConsoleApp1.csproj", "{D2B27DB0-BA3A-4B35-A581-42FC3EE8869C}"
EndProject
Global
	GlobalSection(SolutionConfigurationPlatforms) = preSolution
		Debug|Any CPU = Debug|Any CPU
		Release|Any CPU = Release|Any CPU
	EndGlobalSection
	GlobalSection(ProjectConfigurationPlatforms) = postSolution
		{95F36C98-FF8E-4324-8E2F-818743F3BB2A}.Debug|Any CPU.ActiveCfg = Debug|Any CPU
		{95F36C98-FF8E-4324-8E2F-818743F3BB2A}.Debug|Any CPU.Build.0 = Debug|Any CPU
		{95F36C98-FF8E-4324-8E2F-818743F3BB2A}.Release|Any CPU.ActiveCfg = Release|Any CPU
		{95F36C98-FF8E-4324-8E2F-818743F3BB2A}.Release|Any CPU.Build.0 = Release|Any CPU
		{D2B27DB0-BA3A-4B35-A581-42FC3EE8869C}.Debug|Any CPU.ActiveCfg = Debug|Any CPU
		{D2B27DB0-BA3A-4B35-A581-42FC3EE8869C}.Debug|Any CPU.Build.0 = Debug|Any CPU
		{D2B27DB0-BA3A-4B35-A581-42FC3EE8869C}.Release|Any CPU.ActiveCfg = Release|Any CPU
		{D2B27DB0-BA3A-4B35-A581-42FC3EE8869C}.Release|Any CPU.Build.0 = Release|Any CPU
	EndGlobalSection
	GlobalSection(SolutionProperties) = preSolution
		HideSolutionNode = FALSE
	EndGlobalSection
	GlobalSection(ExtensibilityGlobals) = postSolution
		SolutionGuid = {CB283FE0-BC98-4335-8BB5-0384DFA71FCA}
	EndGlobalSection
EndGlobal
